// !$*UTF8*$!
{
	archiveVersion = 1;
	classes = {
	};
	objectVersion = 50;
	objects = {

/* Begin PBXBuildFile section */
		236C169425EDEB0200ECA2FB /* InstagramApp.swift in Sources */ = {isa = PBXBuildFile; fileRef = 236C169325EDEB0200ECA2FB /* InstagramApp.swift */; };
		236C169825EDEB0300ECA2FB /* Assets.xcassets in Resources */ = {isa = PBXBuildFile; fileRef = 236C169725EDEB0300ECA2FB /* Assets.xcassets */; };
		236C169B25EDEB0300ECA2FB /* Preview Assets.xcassets in Resources */ = {isa = PBXBuildFile; fileRef = 236C169A25EDEB0300ECA2FB /* Preview Assets.xcassets */; };
		236C16AB25EED72000ECA2FB /* ContentView.swift in Sources */ = {isa = PBXBuildFile; fileRef = 236C16AA25EED72000ECA2FB /* ContentView.swift */; };
		236C16BB25EED7FA00ECA2FB /* MainTabView.swift in Sources */ = {isa = PBXBuildFile; fileRef = 236C16BA25EED7FA00ECA2FB /* MainTabView.swift */; };
		236C16BF25EED82300ECA2FB /* FeedView.swift in Sources */ = {isa = PBXBuildFile; fileRef = 236C16BE25EED82300ECA2FB /* FeedView.swift */; };
		236C16C225EED84300ECA2FB /* SearchView.swift in Sources */ = {isa = PBXBuildFile; fileRef = 236C16C125EED84300ECA2FB /* SearchView.swift */; };
		236C16C525EED85200ECA2FB /* NotificationsView.swift in Sources */ = {isa = PBXBuildFile; fileRef = 236C16C425EED85200ECA2FB /* NotificationsView.swift */; };
		236C16C825EED85B00ECA2FB /* ProfileView.swift in Sources */ = {isa = PBXBuildFile; fileRef = 236C16C725EED85B00ECA2FB /* ProfileView.swift */; };
		236C16CB25EED86200ECA2FB /* UploadPostView.swift in Sources */ = {isa = PBXBuildFile; fileRef = 236C16CA25EED86200ECA2FB /* UploadPostView.swift */; };
		236C16CF25EEDC1600ECA2FB /* FeedCell.swift in Sources */ = {isa = PBXBuildFile; fileRef = 236C16CE25EEDC1600ECA2FB /* FeedCell.swift */; };
		23F6BFCC25F01684004FCCB6 /* SearchBar.swift in Sources */ = {isa = PBXBuildFile; fileRef = 23F6BFCB25F01684004FCCB6 /* SearchBar.swift */; };
		23F6BFCF25F01833004FCCB6 /* PostGridView.swift in Sources */ = {isa = PBXBuildFile; fileRef = 23F6BFCE25F01833004FCCB6 /* PostGridView.swift */; };
		23F6BFD225F019AA004FCCB6 /* UserListView.swift in Sources */ = {isa = PBXBuildFile; fileRef = 23F6BFD125F019AA004FCCB6 /* UserListView.swift */; };
		23F6BFD525F019B2004FCCB6 /* UserCell.swift in Sources */ = {isa = PBXBuildFile; fileRef = 23F6BFD425F019B2004FCCB6 /* UserCell.swift */; };
		23F6BFD825F01FA6004FCCB6 /* Extensions+UIApplication.swift in Sources */ = {isa = PBXBuildFile; fileRef = 23F6BFD725F01FA6004FCCB6 /* Extensions+UIApplication.swift */; };
/* End PBXBuildFile section */

/* Begin PBXFileReference section */
		236C169025EDEB0200ECA2FB /* Instagram.app */ = {isa = PBXFileReference; explicitFileType = wrapper.application; includeInIndex = 0; path = Instagram.app; sourceTree = BUILT_PRODUCTS_DIR; };
		236C169325EDEB0200ECA2FB /* InstagramApp.swift */ = {isa = PBXFileReference; lastKnownFileType = sourcecode.swift; path = InstagramApp.swift; sourceTree = "<group>"; };
		236C169725EDEB0300ECA2FB /* Assets.xcassets */ = {isa = PBXFileReference; lastKnownFileType = folder.assetcatalog; path = Assets.xcassets; sourceTree = "<group>"; };
		236C169A25EDEB0300ECA2FB /* Preview Assets.xcassets */ = {isa = PBXFileReference; lastKnownFileType = folder.assetcatalog; path = "Preview Assets.xcassets"; sourceTree = "<group>"; };
		236C169C25EDEB0300ECA2FB /* Info.plist */ = {isa = PBXFileReference; lastKnownFileType = text.plist.xml; path = Info.plist; sourceTree = "<group>"; };
		236C16AA25EED72000ECA2FB /* ContentView.swift */ = {isa = PBXFileReference; lastKnownFileType = sourcecode.swift; path = ContentView.swift; sourceTree = "<group>"; };
		236C16BA25EED7FA00ECA2FB /* MainTabView.swift */ = {isa = PBXFileReference; lastKnownFileType = sourcecode.swift; path = MainTabView.swift; sourceTree = "<group>"; };
		236C16BE25EED82300ECA2FB /* FeedView.swift */ = {isa = PBXFileReference; lastKnownFileType = sourcecode.swift; path = FeedView.swift; sourceTree = "<group>"; };
		236C16C125EED84300ECA2FB /* SearchView.swift */ = {isa = PBXFileReference; lastKnownFileType = sourcecode.swift; path = SearchView.swift; sourceTree = "<group>"; };
		236C16C425EED85200ECA2FB /* NotificationsView.swift */ = {isa = PBXFileReference; lastKnownFileType = sourcecode.swift; path = NotificationsView.swift; sourceTree = "<group>"; };
		236C16C725EED85B00ECA2FB /* ProfileView.swift */ = {isa = PBXFileReference; lastKnownFileType = sourcecode.swift; path = ProfileView.swift; sourceTree = "<group>"; };
		236C16CA25EED86200ECA2FB /* UploadPostView.swift */ = {isa = PBXFileReference; lastKnownFileType = sourcecode.swift; path = UploadPostView.swift; sourceTree = "<group>"; };
		236C16CE25EEDC1600ECA2FB /* FeedCell.swift */ = {isa = PBXFileReference; lastKnownFileType = sourcecode.swift; path = FeedCell.swift; sourceTree = "<group>"; };
		23F6BFCB25F01684004FCCB6 /* SearchBar.swift */ = {isa = PBXFileReference; lastKnownFileType = sourcecode.swift; path = SearchBar.swift; sourceTree = "<group>"; };
		23F6BFCE25F01833004FCCB6 /* PostGridView.swift */ = {isa = PBXFileReference; lastKnownFileType = sourcecode.swift; path = PostGridView.swift; sourceTree = "<group>"; };
		23F6BFD125F019AA004FCCB6 /* UserListView.swift */ = {isa = PBXFileReference; lastKnownFileType = sourcecode.swift; path = UserListView.swift; sourceTree = "<group>"; };
		23F6BFD425F019B2004FCCB6 /* UserCell.swift */ = {isa = PBXFileReference; lastKnownFileType = sourcecode.swift; path = UserCell.swift; sourceTree = "<group>"; };
		23F6BFD725F01FA6004FCCB6 /* Extensions+UIApplication.swift */ = {isa = PBXFileReference; lastKnownFileType = sourcecode.swift; path = "Extensions+UIApplication.swift"; sourceTree = "<group>"; };
/* End PBXFileReference section */

/* Begin PBXFrameworksBuildPhase section */
		236C168D25EDEB0200ECA2FB /* Frameworks */ = {
			isa = PBXFrameworksBuildPhase;
			buildActionMask = 2147483647;
			files = (
			);
			runOnlyForDeploymentPostprocessing = 0;
		};
/* End PBXFrameworksBuildPhase section */

/* Begin PBXGroup section */
		236C168725EDEB0200ECA2FB = {
			isa = PBXGroup;
			children = (
				236C169225EDEB0200ECA2FB /* Instagram */,
				236C169125EDEB0200ECA2FB /* Products */,
			);
			sourceTree = "<group>";
		};
		236C169125EDEB0200ECA2FB /* Products */ = {
			isa = PBXGroup;
			children = (
				236C169025EDEB0200ECA2FB /* Instagram.app */,
			);
			name = Products;
			sourceTree = "<group>";
		};
		236C169225EDEB0200ECA2FB /* Instagram */ = {
			isa = PBXGroup;
			children = (
				236C16A525EED6B600ECA2FB /* Models */,
				236C16A425EED6B400ECA2FB /* Views */,
				236C16A325EED6B100ECA2FB /* ViewModels */,
				236C16A725EED6CD00ECA2FB /* API */,
				236C16A625EED6C500ECA2FB /* Utils */,
				236C169325EDEB0200ECA2FB /* InstagramApp.swift */,
				236C169725EDEB0300ECA2FB /* Assets.xcassets */,
				236C169C25EDEB0300ECA2FB /* Info.plist */,
				236C169925EDEB0300ECA2FB /* Preview Content */,
			);
			path = Instagram;
			sourceTree = "<group>";
		};
		236C169925EDEB0300ECA2FB /* Preview Content */ = {
			isa = PBXGroup;
			children = (
				236C169A25EDEB0300ECA2FB /* Preview Assets.xcassets */,
			);
			path = "Preview Content";
			sourceTree = "<group>";
		};
		236C16A325EED6B100ECA2FB /* ViewModels */ = {
			isa = PBXGroup;
			children = (
				236C16B925EED7A700ECA2FB /* Profile */,
				236C16B825EED79200ECA2FB /* Authentication */,
				236C16B725EED78E00ECA2FB /* Notifications */,
				236C16B625EED78900ECA2FB /* Feed */,
			);
			path = ViewModels;
			sourceTree = "<group>";
		};
		236C16A425EED6B400ECA2FB /* Views */ = {
			isa = PBXGroup;
			children = (
				236C16B525EED75300ECA2FB /* Items */,
				236C16B425EED74800ECA2FB /* Authentication */,
				236C16B325EED74300ECA2FB /* Notifications */,
				236C16B225EED73F00ECA2FB /* Searching */,
				236C16B125EED73B00ECA2FB /* Comments */,
				236C16B025EED73800ECA2FB /* Feed */,
				236C16AF25EED73400ECA2FB /* Profile */,
				236C16AE25EED72E00ECA2FB /* UploadPost */,
				236C16A925EED71500ECA2FB /* Main */,
			);
			path = Views;
			sourceTree = "<group>";
		};
		236C16A525EED6B600ECA2FB /* Models */ = {
			isa = PBXGroup;
			children = (
			);
			path = Models;
			sourceTree = "<group>";
		};
		236C16A625EED6C500ECA2FB /* Utils */ = {
			isa = PBXGroup;
			children = (
				23F6BFD725F01FA6004FCCB6 /* Extensions+UIApplication.swift */,
			);
			path = Utils;
			sourceTree = "<group>";
		};
		236C16A725EED6CD00ECA2FB /* API */ = {
			isa = PBXGroup;
			children = (
			);
			path = API;
			sourceTree = "<group>";
		};
		236C16A925EED71500ECA2FB /* Main */ = {
			isa = PBXGroup;
			children = (
				236C16AA25EED72000ECA2FB /* ContentView.swift */,
				236C16BA25EED7FA00ECA2FB /* MainTabView.swift */,
			);
			path = Main;
			sourceTree = "<group>";
		};
		236C16AE25EED72E00ECA2FB /* UploadPost */ = {
			isa = PBXGroup;
			children = (
				236C16CA25EED86200ECA2FB /* UploadPostView.swift */,
			);
			path = UploadPost;
			sourceTree = "<group>";
		};
		236C16AF25EED73400ECA2FB /* Profile */ = {
			isa = PBXGroup;
			children = (
				236C16C725EED85B00ECA2FB /* ProfileView.swift */,
			);
			path = Profile;
			sourceTree = "<group>";
		};
		236C16B025EED73800ECA2FB /* Feed */ = {
			isa = PBXGroup;
			children = (
				236C16BE25EED82300ECA2FB /* FeedView.swift */,
				236C16CE25EEDC1600ECA2FB /* FeedCell.swift */,
			);
			path = Feed;
			sourceTree = "<group>";
		};
		236C16B125EED73B00ECA2FB /* Comments */ = {
			isa = PBXGroup;
			children = (
			);
			path = Comments;
			sourceTree = "<group>";
		};
		236C16B225EED73F00ECA2FB /* Searching */ = {
			isa = PBXGroup;
			children = (
				236C16C125EED84300ECA2FB /* SearchView.swift */,
				23F6BFCB25F01684004FCCB6 /* SearchBar.swift */,
			);
			path = Searching;
			sourceTree = "<group>";
		};
		236C16B325EED74300ECA2FB /* Notifications */ = {
			isa = PBXGroup;
			children = (
				236C16C425EED85200ECA2FB /* NotificationsView.swift */,
			);
			path = Notifications;
			sourceTree = "<group>";
		};
		236C16B425EED74800ECA2FB /* Authentication */ = {
			isa = PBXGroup;
			children = (
			);
			path = Authentication;
			sourceTree = "<group>";
		};
		236C16B525EED75300ECA2FB /* Items */ = {
			isa = PBXGroup;
			children = (
				23F6BFCE25F01833004FCCB6 /* PostGridView.swift */,
				23F6BFD125F019AA004FCCB6 /* UserListView.swift */,
				23F6BFD425F019B2004FCCB6 /* UserCell.swift */,
			);
			path = Items;
			sourceTree = "<group>";
		};
		236C16B625EED78900ECA2FB /* Feed */ = {
			isa = PBXGroup;
			children = (
			);
			path = Feed;
			sourceTree = "<group>";
		};
		236C16B725EED78E00ECA2FB /* Notifications */ = {
			isa = PBXGroup;
			children = (
			);
			path = Notifications;
			sourceTree = "<group>";
		};
		236C16B825EED79200ECA2FB /* Authentication */ = {
			isa = PBXGroup;
			children = (
			);
			path = Authentication;
			sourceTree = "<group>";
		};
		236C16B925EED7A700ECA2FB /* Profile */ = {
			isa = PBXGroup;
			children = (
			);
			path = Profile;
			sourceTree = "<group>";
		};
/* End PBXGroup section */

/* Begin PBXNativeTarget section */
		236C168F25EDEB0200ECA2FB /* Instagram */ = {
			isa = PBXNativeTarget;
			buildConfigurationList = 236C169F25EDEB0300ECA2FB /* Build configuration list for PBXNativeTarget "Instagram" */;
			buildPhases = (
				236C168C25EDEB0200ECA2FB /* Sources */,
				236C168D25EDEB0200ECA2FB /* Frameworks */,
				236C168E25EDEB0200ECA2FB /* Resources */,
			);
			buildRules = (
			);
			dependencies = (
			);
			name = Instagram;
			productName = Instagram;
			productReference = 236C169025EDEB0200ECA2FB /* Instagram.app */;
			productType = "com.apple.product-type.application";
		};
/* End PBXNativeTarget section */

/* Begin PBXProject section */
		236C168825EDEB0200ECA2FB /* Project object */ = {
			isa = PBXProject;
			attributes = {
				LastSwiftUpdateCheck = 1210;
				LastUpgradeCheck = 1210;
				TargetAttributes = {
					236C168F25EDEB0200ECA2FB = {
						CreatedOnToolsVersion = 12.1;
					};
				};
			};
			buildConfigurationList = 236C168B25EDEB0200ECA2FB /* Build configuration list for PBXProject "Instagram" */;
			compatibilityVersion = "Xcode 9.3";
			developmentRegion = en;
			hasScannedForEncodings = 0;
			knownRegions = (
				en,
				Base,
			);
			mainGroup = 236C168725EDEB0200ECA2FB;
			productRefGroup = 236C169125EDEB0200ECA2FB /* Products */;
			projectDirPath = "";
			projectRoot = "";
			targets = (
				236C168F25EDEB0200ECA2FB /* Instagram */,
			);
		};
/* End PBXProject section */

/* Begin PBXResourcesBuildPhase section */
		236C168E25EDEB0200ECA2FB /* Resources */ = {
			isa = PBXResourcesBuildPhase;
			buildActionMask = 2147483647;
			files = (
				236C169B25EDEB0300ECA2FB /* Preview Assets.xcassets in Resources */,
				236C169825EDEB0300ECA2FB /* Assets.xcassets in Resources */,
			);
			runOnlyForDeploymentPostprocessing = 0;
		};
/* End PBXResourcesBuildPhase section */

/* Begin PBXSourcesBuildPhase section */
		236C168C25EDEB0200ECA2FB /* Sources */ = {
			isa = PBXSourcesBuildPhase;
			buildActionMask = 2147483647;
			files = (
				236C16C225EED84300ECA2FB /* SearchView.swift in Sources */,
				23F6BFD525F019B2004FCCB6 /* UserCell.swift in Sources */,
				236C16BF25EED82300ECA2FB /* FeedView.swift in Sources */,
				23F6BFCF25F01833004FCCB6 /* PostGridView.swift in Sources */,
				236C16AB25EED72000ECA2FB /* ContentView.swift in Sources */,
				236C169425EDEB0200ECA2FB /* InstagramApp.swift in Sources */,
				236C16BB25EED7FA00ECA2FB /* MainTabView.swift in Sources */,
				236C16CB25EED86200ECA2FB /* UploadPostView.swift in Sources */,
				23F6BFD225F019AA004FCCB6 /* UserListView.swift in Sources */,
				236C16C825EED85B00ECA2FB /* ProfileView.swift in Sources */,
				23F6BFCC25F01684004FCCB6 /* SearchBar.swift in Sources */,
				236C16C525EED85200ECA2FB /* NotificationsView.swift in Sources */,
				236C16CF25EEDC1600ECA2FB /* FeedCell.swift in Sources */,
				23F6BFD825F01FA6004FCCB6 /* Extensions+UIApplication.swift in Sources */,
			);
			runOnlyForDeploymentPostprocessing = 0;
		};
/* End PBXSourcesBuildPhase section */

/* Begin XCBuildConfiguration section */
		236C169D25EDEB0300ECA2FB /* Debug */ = {
			isa = XCBuildConfiguration;
			buildSettings = {
				ALWAYS_SEARCH_USER_PATHS = NO;
				CLANG_ANALYZER_NONNULL = YES;
				CLANG_ANALYZER_NUMBER_OBJECT_CONVERSION = YES_AGGRESSIVE;
				CLANG_CXX_LANGUAGE_STANDARD = "gnu++14";
				CLANG_CXX_LIBRARY = "libc++";
				CLANG_ENABLE_MODULES = YES;
				CLANG_ENABLE_OBJC_ARC = YES;
				CLANG_ENABLE_OBJC_WEAK = YES;
				CLANG_WARN_BLOCK_CAPTURE_AUTORELEASING = YES;
				CLANG_WARN_BOOL_CONVERSION = YES;
				CLANG_WARN_COMMA = YES;
				CLANG_WARN_CONSTANT_CONVERSION = YES;
				CLANG_WARN_DEPRECATED_OBJC_IMPLEMENTATIONS = YES;
				CLANG_WARN_DIRECT_OBJC_ISA_USAGE = YES_ERROR;
				CLANG_WARN_DOCUMENTATION_COMMENTS = YES;
				CLANG_WARN_EMPTY_BODY = YES;
				CLANG_WARN_ENUM_CONVERSION = YES;
				CLANG_WARN_INFINITE_RECURSION = YES;
				CLANG_WARN_INT_CONVERSION = YES;
				CLANG_WARN_NON_LITERAL_NULL_CONVERSION = YES;
				CLANG_WARN_OBJC_IMPLICIT_RETAIN_SELF = YES;
				CLANG_WARN_OBJC_LITERAL_CONVERSION = YES;
				CLANG_WARN_OBJC_ROOT_CLASS = YES_ERROR;
				CLANG_WARN_QUOTED_INCLUDE_IN_FRAMEWORK_HEADER = YES;
				CLANG_WARN_RANGE_LOOP_ANALYSIS = YES;
				CLANG_WARN_STRICT_PROTOTYPES = YES;
				CLANG_WARN_SUSPICIOUS_MOVE = YES;
				CLANG_WARN_UNGUARDED_AVAILABILITY = YES_AGGRESSIVE;
				CLANG_WARN_UNREACHABLE_CODE = YES;
				CLANG_WARN__DUPLICATE_METHOD_MATCH = YES;
				COPY_PHASE_STRIP = NO;
				DEBUG_INFORMATION_FORMAT = dwarf;
				ENABLE_STRICT_OBJC_MSGSEND = YES;
				ENABLE_TESTABILITY = YES;
				GCC_C_LANGUAGE_STANDARD = gnu11;
				GCC_DYNAMIC_NO_PIC = NO;
				GCC_NO_COMMON_BLOCKS = YES;
				GCC_OPTIMIZATION_LEVEL = 0;
				GCC_PREPROCESSOR_DEFINITIONS = (
					"DEBUG=1",
					"$(inherited)",
				);
				GCC_WARN_64_TO_32_BIT_CONVERSION = YES;
				GCC_WARN_ABOUT_RETURN_TYPE = YES_ERROR;
				GCC_WARN_UNDECLARED_SELECTOR = YES;
				GCC_WARN_UNINITIALIZED_AUTOS = YES_AGGRESSIVE;
				GCC_WARN_UNUSED_FUNCTION = YES;
				GCC_WARN_UNUSED_VARIABLE = YES;
				IPHONEOS_DEPLOYMENT_TARGET = 14.1;
				MTL_ENABLE_DEBUG_INFO = INCLUDE_SOURCE;
				MTL_FAST_MATH = YES;
				ONLY_ACTIVE_ARCH = YES;
				SDKROOT = iphoneos;
				SWIFT_ACTIVE_COMPILATION_CONDITIONS = DEBUG;
				SWIFT_OPTIMIZATION_LEVEL = "-Onone";
			};
			name = Debug;
		};
		236C169E25EDEB0300ECA2FB /* Release */ = {
			isa = XCBuildConfiguration;
			buildSettings = {
				ALWAYS_SEARCH_USER_PATHS = NO;
				CLANG_ANALYZER_NONNULL = YES;
				CLANG_ANALYZER_NUMBER_OBJECT_CONVERSION = YES_AGGRESSIVE;
				CLANG_CXX_LANGUAGE_STANDARD = "gnu++14";
				CLANG_CXX_LIBRARY = "libc++";
				CLANG_ENABLE_MODULES = YES;
				CLANG_ENABLE_OBJC_ARC = YES;
				CLANG_ENABLE_OBJC_WEAK = YES;
				CLANG_WARN_BLOCK_CAPTURE_AUTORELEASING = YES;
				CLANG_WARN_BOOL_CONVERSION = YES;
				CLANG_WARN_COMMA = YES;
				CLANG_WARN_CONSTANT_CONVERSION = YES;
				CLANG_WARN_DEPRECATED_OBJC_IMPLEMENTATIONS = YES;
				CLANG_WARN_DIRECT_OBJC_ISA_USAGE = YES_ERROR;
				CLANG_WARN_DOCUMENTATION_COMMENTS = YES;
				CLANG_WARN_EMPTY_BODY = YES;
				CLANG_WARN_ENUM_CONVERSION = YES;
				CLANG_WARN_INFINITE_RECURSION = YES;
				CLANG_WARN_INT_CONVERSION = YES;
				CLANG_WARN_NON_LITERAL_NULL_CONVERSION = YES;
				CLANG_WARN_OBJC_IMPLICIT_RETAIN_SELF = YES;
				CLANG_WARN_OBJC_LITERAL_CONVERSION = YES;
				CLANG_WARN_OBJC_ROOT_CLASS = YES_ERROR;
				CLANG_WARN_QUOTED_INCLUDE_IN_FRAMEWORK_HEADER = YES;
				CLANG_WARN_RANGE_LOOP_ANALYSIS = YES;
				CLANG_WARN_STRICT_PROTOTYPES = YES;
				CLANG_WARN_SUSPICIOUS_MOVE = YES;
				CLANG_WARN_UNGUARDED_AVAILABILITY = YES_AGGRESSIVE;
				CLANG_WARN_UNREACHABLE_CODE = YES;
				CLANG_WARN__DUPLICATE_METHOD_MATCH = YES;
				COPY_PHASE_STRIP = NO;
				DEBUG_INFORMATION_FORMAT = "dwarf-with-dsym";
				ENABLE_NS_ASSERTIONS = NO;
				ENABLE_STRICT_OBJC_MSGSEND = YES;
				GCC_C_LANGUAGE_STANDARD = gnu11;
				GCC_NO_COMMON_BLOCKS = YES;
				GCC_WARN_64_TO_32_BIT_CONVERSION = YES;
				GCC_WARN_ABOUT_RETURN_TYPE = YES_ERROR;
				GCC_WARN_UNDECLARED_SELECTOR = YES;
				GCC_WARN_UNINITIALIZED_AUTOS = YES_AGGRESSIVE;
				GCC_WARN_UNUSED_FUNCTION = YES;
				GCC_WARN_UNUSED_VARIABLE = YES;
				IPHONEOS_DEPLOYMENT_TARGET = 14.1;
				MTL_ENABLE_DEBUG_INFO = NO;
				MTL_FAST_MATH = YES;
				SDKROOT = iphoneos;
				SWIFT_COMPILATION_MODE = wholemodule;
				SWIFT_OPTIMIZATION_LEVEL = "-O";
				VALIDATE_PRODUCT = YES;
			};
			name = Release;
		};
		236C16A025EDEB0300ECA2FB /* Debug */ = {
			isa = XCBuildConfiguration;
			buildSettings = {
				ASSETCATALOG_COMPILER_APPICON_NAME = AppIcon;
				ASSETCATALOG_COMPILER_GLOBAL_ACCENT_COLOR_NAME = AccentColor;
				CODE_SIGN_STYLE = Automatic;
				DEVELOPMENT_ASSET_PATHS = "\"Instagram/Preview Content\"";
				DEVELOPMENT_TEAM = RE524LJXV2;
				ENABLE_PREVIEWS = YES;
				INFOPLIST_FILE = Instagram/Info.plist;
				IPHONEOS_DEPLOYMENT_TARGET = 14.0;
				LD_RUNPATH_SEARCH_PATHS = (
					"$(inherited)",
					"@executable_path/Frameworks",
				);
				PRODUCT_BUNDLE_IDENTIFIER = com.strides.Instagram;
				PRODUCT_NAME = "$(TARGET_NAME)";
				SWIFT_VERSION = 5.0;
				TARGETED_DEVICE_FAMILY = "1,2";
			};
			name = Debug;
		};
		236C16A125EDEB0300ECA2FB /* Release */ = {
			isa = XCBuildConfiguration;
			buildSettings = {
				ASSETCATALOG_COMPILER_APPICON_NAME = AppIcon;
				ASSETCATALOG_COMPILER_GLOBAL_ACCENT_COLOR_NAME = AccentColor;
				CODE_SIGN_STYLE = Automatic;
				DEVELOPMENT_ASSET_PATHS = "\"Instagram/Preview Content\"";
				DEVELOPMENT_TEAM = RE524LJXV2;
				ENABLE_PREVIEWS = YES;
				INFOPLIST_FILE = Instagram/Info.plist;
				IPHONEOS_DEPLOYMENT_TARGET = 14.0;
				LD_RUNPATH_SEARCH_PATHS = (
					"$(inherited)",
					"@executable_path/Frameworks",
				);
				PRODUCT_BUNDLE_IDENTIFIER = com.strides.Instagram;
				PRODUCT_NAME = "$(TARGET_NAME)";
				SWIFT_VERSION = 5.0;
				TARGETED_DEVICE_FAMILY = "1,2";
			};
			name = Release;
		};
/* End XCBuildConfiguration section */

/* Begin XCConfigurationList section */
		236C168B25EDEB0200ECA2FB /* Build configuration list for PBXProject "Instagram" */ = {
			isa = XCConfigurationList;
			buildConfigurations = (
				236C169D25EDEB0300ECA2FB /* Debug */,
				236C169E25EDEB0300ECA2FB /* Release */,
			);
			defaultConfigurationIsVisible = 0;
			defaultConfigurationName = Release;
		};
		236C169F25EDEB0300ECA2FB /* Build configuration list for PBXNativeTarget "Instagram" */ = {
			isa = XCConfigurationList;
			buildConfigurations = (
				236C16A025EDEB0300ECA2FB /* Debug */,
				236C16A125EDEB0300ECA2FB /* Release */,
			);
			defaultConfigurationIsVisible = 0;
			defaultConfigurationName = Release;
		};
/* End XCConfigurationList section */
	};
	rootObject = 236C168825EDEB0200ECA2FB /* Project object */;
}
